
Microsoft Visual Studio Solution File, Format Version 12.00
# Visual Studio Version 17
VisualStudioVersion = 17.0.31903.59
MinimumVisualStudioVersion = 10.0.40219.1
Project("{2150E333-8FDC-42A3-9474-1A3956D46DE8}") = "src", "src", "{829F0CD4-F8F8-456A-9183-01458324CFDF}"
EndProject
Project("{9A19103F-16F7-4668-BE54-9A1E7A4F7556}") = "AuctionService", "src\AuctionService\AuctionService.csproj", "{35FB24A0-C557-44FE-A290-0B3020912A35}"
EndProject
Project("{FAE04EC0-301F-11D3-BF4B-00C04F79EFBC}") = "SearchService", "src\SearchService\SearchService.csproj", "{F97A905B-00D7-4ED1-B401-089DE8F49DB5}"
EndProject
Project("{FAE04EC0-301F-11D3-BF4B-00C04F79EFBC}") = "Contracts", "src\Contracts\Contracts.csproj", "{4F1B0380-5CC2-4030-8A0D-8FDD8E28F825}"
EndProject
Project("{FAE04EC0-301F-11D3-BF4B-00C04F79EFBC}") = "IdentityService", "src\IdentityService\IdentityService.csproj", "{D9077B8F-5A2D-48DA-8D9F-3092E97978B4}"
EndProject
Project("{FAE04EC0-301F-11D3-BF4B-00C04F79EFBC}") = "GatewayService", "src\GatewayService\GatewayService.csproj", "{5B5F3B73-FDEB-42FD-8467-3E2A0379FC9D}"
EndProject
Project("{FAE04EC0-301F-11D3-BF4B-00C04F79EFBC}") = "BiddingService", "src\BiddingService\BiddingService.csproj", "{F69B3EFE-3F64-4B05-BF26-8760E584442E}"
EndProject
Project("{FAE04EC0-301F-11D3-BF4B-00C04F79EFBC}") = "NotificationService", "src\NotificationService\NotificationService.csproj", "{7B8E87ED-204D-4B56-A5C6-34F642AD4498}"
EndProject
Project("{2150E333-8FDC-42A3-9474-1A3956D46DE8}") = "test", "test", "{9D2E4DC0-CD6D-4D27-AC65-383D3EDAE92D}"
EndProject
Project("{FAE04EC0-301F-11D3-BF4B-00C04F79EFBC}") = "AuctionService.UnitTests", "test\AuctionService.UnitTests\AuctionService.UnitTests.csproj", "{DD37608F-10ED-401B-BBD4-5C6E98379CEE}"
EndProject
Global
	GlobalSection(SolutionConfigurationPlatforms) = preSolution
		Debug|Any CPU = Debug|Any CPU
		Release|Any CPU = Release|Any CPU
	EndGlobalSection
	GlobalSection(ProjectConfigurationPlatforms) = postSolution
		{35FB24A0-C557-44FE-A290-0B3020912A35}.Debug|Any CPU.ActiveCfg = Debug|Any CPU
		{35FB24A0-C557-44FE-A290-0B3020912A35}.Debug|Any CPU.Build.0 = Debug|Any CPU
		{35FB24A0-C557-44FE-A290-0B3020912A35}.Release|Any CPU.ActiveCfg = Release|Any CPU
		{35FB24A0-C557-44FE-A290-0B3020912A35}.Release|Any CPU.Build.0 = Release|Any CPU
		{F97A905B-00D7-4ED1-B401-089DE8F49DB5}.Debug|Any CPU.ActiveCfg = Debug|Any CPU
		{F97A905B-00D7-4ED1-B401-089DE8F49DB5}.Debug|Any CPU.Build.0 = Debug|Any CPU
		{F97A905B-00D7-4ED1-B401-089DE8F49DB5}.Release|Any CPU.ActiveCfg = Release|Any CPU
		{F97A905B-00D7-4ED1-B401-089DE8F49DB5}.Release|Any CPU.Build.0 = Release|Any CPU
		{4F1B0380-5CC2-4030-8A0D-8FDD8E28F825}.Debug|Any CPU.ActiveCfg = Debug|Any CPU
		{4F1B0380-5CC2-4030-8A0D-8FDD8E28F825}.Debug|Any CPU.Build.0 = Debug|Any CPU
		{4F1B0380-5CC2-4030-8A0D-8FDD8E28F825}.Release|Any CPU.ActiveCfg = Release|Any CPU
		{4F1B0380-5CC2-4030-8A0D-8FDD8E28F825}.Release|Any CPU.Build.0 = Release|Any CPU
		{D9077B8F-5A2D-48DA-8D9F-3092E97978B4}.Debug|Any CPU.ActiveCfg = Debug|Any CPU
		{D9077B8F-5A2D-48DA-8D9F-3092E97978B4}.Debug|Any CPU.Build.0 = Debug|Any CPU
		{D9077B8F-5A2D-48DA-8D9F-3092E97978B4}.Release|Any CPU.ActiveCfg = Release|Any CPU
		{D9077B8F-5A2D-48DA-8D9F-3092E97978B4}.Release|Any CPU.Build.0 = Release|Any CPU
		{5B5F3B73-FDEB-42FD-8467-3E2A0379FC9D}.Debug|Any CPU.ActiveCfg = Debug|Any CPU
		{5B5F3B73-FDEB-42FD-8467-3E2A0379FC9D}.Debug|Any CPU.Build.0 = Debug|Any CPU
		{5B5F3B73-FDEB-42FD-8467-3E2A0379FC9D}.Release|Any CPU.ActiveCfg = Release|Any CPU
		{5B5F3B73-FDEB-42FD-8467-3E2A0379FC9D}.Release|Any CPU.Build.0 = Release|Any CPU
		{F69B3EFE-3F64-4B05-BF26-8760E584442E}.Debug|Any CPU.ActiveCfg = Debug|Any CPU
		{F69B3EFE-3F64-4B05-BF26-8760E584442E}.Debug|Any CPU.Build.0 = Debug|Any CPU
		{F69B3EFE-3F64-4B05-BF26-8760E584442E}.Release|Any CPU.ActiveCfg = Release|Any CPU
		{F69B3EFE-3F64-4B05-BF26-8760E584442E}.Release|Any CPU.Build.0 = Release|Any CPU
		{7B8E87ED-204D-4B56-A5C6-34F642AD4498}.Debug|Any CPU.ActiveCfg = Debug|Any CPU
		{7B8E87ED-204D-4B56-A5C6-34F642AD4498}.Debug|Any CPU.Build.0 = Debug|Any CPU
		{7B8E87ED-204D-4B56-A5C6-34F642AD4498}.Release|Any CPU.ActiveCfg = Release|Any CPU
		{7B8E87ED-204D-4B56-A5C6-34F642AD4498}.Release|Any CPU.Build.0 = Release|Any CPU
		{DD37608F-10ED-401B-BBD4-5C6E98379CEE}.Debug|Any CPU.ActiveCfg = Debug|Any CPU
		{DD37608F-10ED-401B-BBD4-5C6E98379CEE}.Debug|Any CPU.Build.0 = Debug|Any CPU
		{DD37608F-10ED-401B-BBD4-5C6E98379CEE}.Release|Any CPU.ActiveCfg = Release|Any CPU
		{DD37608F-10ED-401B-BBD4-5C6E98379CEE}.Release|Any CPU.Build.0 = Release|Any CPU
	EndGlobalSection
	GlobalSection(SolutionProperties) = preSolution
		HideSolutionNode = FALSE
	EndGlobalSection
	GlobalSection(NestedProjects) = preSolution
		{35FB24A0-C557-44FE-A290-0B3020912A35} = {829F0CD4-F8F8-456A-9183-01458324CFDF}
		{F97A905B-00D7-4ED1-B401-089DE8F49DB5} = {829F0CD4-F8F8-456A-9183-01458324CFDF}
		{4F1B0380-5CC2-4030-8A0D-8FDD8E28F825} = {829F0CD4-F8F8-456A-9183-01458324CFDF}
		{D9077B8F-5A2D-48DA-8D9F-3092E97978B4} = {829F0CD4-F8F8-456A-9183-01458324CFDF}
		{5B5F3B73-FDEB-42FD-8467-3E2A0379FC9D} = {829F0CD4-F8F8-456A-9183-01458324CFDF}
		{F69B3EFE-3F64-4B05-BF26-8760E584442E} = {829F0CD4-F8F8-456A-9183-01458324CFDF}
		{7B8E87ED-204D-4B56-A5C6-34F642AD4498} = {829F0CD4-F8F8-456A-9183-01458324CFDF}
		{DD37608F-10ED-401B-BBD4-5C6E98379CEE} = {9D2E4DC0-CD6D-4D27-AC65-383D3EDAE92D}
	EndGlobalSection
EndGlobal
